
Microsoft Visual Studio Solution File, Format Version 12.00
# Visual Studio Version 17
VisualStudioVersion = 17.4.33103.184
MinimumVisualStudioVersion = 10.0.40219.1
Project("{FAE04EC0-301F-11D3-BF4B-00C04F79EFBC}") = "TaskManangement", "TaskManangement\TaskManangement.csproj", "{3001FAC6-6EE0-432F-AC7F-BFC587ED4A82}"
EndProject
Global
	GlobalSection(SolutionConfigurationPlatforms) = preSolution
		Debug|Any CPU = Debug|Any CPU
		Release|Any CPU = Release|Any CPU
	EndGlobalSection
	GlobalSection(ProjectConfigurationPlatforms) = postSolution
		{3001FAC6-6EE0-432F-AC7F-BFC587ED4A82}.Debug|Any CPU.ActiveCfg = Debug|Any CPU
		{3001FAC6-6EE0-432F-AC7F-BFC587ED4A82}.Debug|Any CPU.Build.0 = Debug|Any CPU
		{3001FAC6-6EE0-432F-AC7F-BFC587ED4A82}.Release|Any CPU.ActiveCfg = Release|Any CPU
		{3001FAC6-6EE0-432F-AC7F-BFC587ED4A82}.Release|Any CPU.Build.0 = Release|Any CPU
	EndGlobalSection
	GlobalSection(SolutionProperties) = preSolution
		HideSolutionNode = FALSE
	EndGlobalSection
	GlobalSection(ExtensibilityGlobals) = postSolution
		SolutionGuid = {83E6A06A-7EBF-4564-942D-FE23FAB7FEF1}
	EndGlobalSection
EndGlobal
